
Microsoft Visual Studio Solution File, Format Version 12.00
# Visual Studio Version 18
VisualStudioVersion = 18.2.11415.280 d18.0
MinimumVisualStudioVersion = 10.0.40219.1
Project("{FAE04EC0-301F-11D3-BF4B-00C04F79EFBC}") = "01-action-print", "01-action-print\01-action-print.csproj", "{5DE4650D-A367-42F4-9415-F7002BF96696}"
EndProject
Project("{FAE04EC0-301F-11D3-BF4B-00C04F79EFBC}") = "02-knights-of-honor", "02-knights-of-honor\02-knights-of-honor.csproj", "{ACA86772-8F05-4671-AC68-2BA280EDD9B6}"
EndProject
Project("{FAE04EC0-301F-11D3-BF4B-00C04F79EFBC}") = "03-custom-min-function", "03-custom-min-function\03-custom-min-function.csproj", "{DF329C0C-F362-4633-A9AC-2AAB8B8851C3}"
EndProject
Project("{FAE04EC0-301F-11D3-BF4B-00C04F79EFBC}") = "04-find-evens-and-odds", "04-find-evens-and-odds\04-find-evens-and-odds.csproj", "{AC323887-2023-40FD-89C0-7271E37739EA}"
EndProject
Project("{FAE04EC0-301F-11D3-BF4B-00C04F79EFBC}") = "05-applied-arithmetics", "05-applied-arithmetics\05-applied-arithmetics.csproj", "{F46E7F4E-ED09-4053-8757-34EE22135809}"
EndProject
Project("{FAE04EC0-301F-11D3-BF4B-00C04F79EFBC}") = "06-reverce-and-exclude", "06-reverce-and-exclude\06-reverce-and-exclude.csproj", "{7BA4DC34-506F-4C1A-BDB9-DCF49339A8E1}"
EndProject
Project("{FAE04EC0-301F-11D3-BF4B-00C04F79EFBC}") = "07-predicate-for-names", "07-predicate-for-names\07-predicate-for-names.csproj", "{568C0214-451B-4822-B090-91B54BCD0E9E}"
EndProject
Project("{FAE04EC0-301F-11D3-BF4B-00C04F79EFBC}") = "08-list-of-predicates", "08-list-of-predicates\08-list-of-predicates.csproj", "{FA820422-D86F-4168-A837-86A6482F9699}"
EndProject
Global
	GlobalSection(SolutionConfigurationPlatforms) = preSolution
		Debug|Any CPU = Debug|Any CPU
		Release|Any CPU = Release|Any CPU
	EndGlobalSection
	GlobalSection(ProjectConfigurationPlatforms) = postSolution
		{5DE4650D-A367-42F4-9415-F7002BF96696}.Debug|Any CPU.ActiveCfg = Debug|Any CPU
		{5DE4650D-A367-42F4-9415-F7002BF96696}.Debug|Any CPU.Build.0 = Debug|Any CPU
		{5DE4650D-A367-42F4-9415-F7002BF96696}.Release|Any CPU.ActiveCfg = Release|Any CPU
		{5DE4650D-A367-42F4-9415-F7002BF96696}.Release|Any CPU.Build.0 = Release|Any CPU
		{ACA86772-8F05-4671-AC68-2BA280EDD9B6}.Debug|Any CPU.ActiveCfg = Debug|Any CPU
		{ACA86772-8F05-4671-AC68-2BA280EDD9B6}.Debug|Any CPU.Build.0 = Debug|Any CPU
		{ACA86772-8F05-4671-AC68-2BA280EDD9B6}.Release|Any CPU.ActiveCfg = Release|Any CPU
		{ACA86772-8F05-4671-AC68-2BA280EDD9B6}.Release|Any CPU.Build.0 = Release|Any CPU
		{DF329C0C-F362-4633-A9AC-2AAB8B8851C3}.Debug|Any CPU.ActiveCfg = Debug|Any CPU
		{DF329C0C-F362-4633-A9AC-2AAB8B8851C3}.Debug|Any CPU.Build.0 = Debug|Any CPU
		{DF329C0C-F362-4633-A9AC-2AAB8B8851C3}.Release|Any CPU.ActiveCfg = Release|Any CPU
		{DF329C0C-F362-4633-A9AC-2AAB8B8851C3}.Release|Any CPU.Build.0 = Release|Any CPU
		{AC323887-2023-40FD-89C0-7271E37739EA}.Debug|Any CPU.ActiveCfg = Debug|Any CPU
		{AC323887-2023-40FD-89C0-7271E37739EA}.Debug|Any CPU.Build.0 = Debug|Any CPU
		{AC323887-2023-40FD-89C0-7271E37739EA}.Release|Any CPU.ActiveCfg = Release|Any CPU
		{AC323887-2023-40FD-89C0-7271E37739EA}.Release|Any CPU.Build.0 = Release|Any CPU
		{F46E7F4E-ED09-4053-8757-34EE22135809}.Debug|Any CPU.ActiveCfg = Debug|Any CPU
		{F46E7F4E-ED09-4053-8757-34EE22135809}.Debug|Any CPU.Build.0 = Debug|Any CPU
		{F46E7F4E-ED09-4053-8757-34EE22135809}.Release|Any CPU.ActiveCfg = Release|Any CPU
		{F46E7F4E-ED09-4053-8757-34EE22135809}.Release|Any CPU.Build.0 = Release|Any CPU
		{7BA4DC34-506F-4C1A-BDB9-DCF49339A8E1}.Debug|Any CPU.ActiveCfg = Debug|Any CPU
		{7BA4DC34-506F-4C1A-BDB9-DCF49339A8E1}.Debug|Any CPU.Build.0 = Debug|Any CPU
		{7BA4DC34-506F-4C1A-BDB9-DCF49339A8E1}.Release|Any CPU.ActiveCfg = Release|Any CPU
		{7BA4DC34-506F-4C1A-BDB9-DCF49339A8E1}.Release|Any CPU.Build.0 = Release|Any CPU
		{568C0214-451B-4822-B090-91B54BCD0E9E}.Debug|Any CPU.ActiveCfg = Debug|Any CPU
		{568C0214-451B-4822-B090-91B54BCD0E9E}.Debug|Any CPU.Build.0 = Debug|Any CPU
		{568C0214-451B-4822-B090-91B54BCD0E9E}.Release|Any CPU.ActiveCfg = Release|Any CPU
		{568C0214-451B-4822-B090-91B54BCD0E9E}.Release|Any CPU.Build.0 = Release|Any CPU
		{FA820422-D86F-4168-A837-86A6482F9699}.Debug|Any CPU.ActiveCfg = Debug|Any CPU
		{FA820422-D86F-4168-A837-86A6482F9699}.Debug|Any CPU.Build.0 = Debug|Any CPU
		{FA820422-D86F-4168-A837-86A6482F9699}.Release|Any CPU.ActiveCfg = Release|Any CPU
		{FA820422-D86F-4168-A837-86A6482F9699}.Release|Any CPU.Build.0 = Release|Any CPU
	EndGlobalSection
	GlobalSection(SolutionProperties) = preSolution
		HideSolutionNode = FALSE
	EndGlobalSection
	GlobalSection(ExtensibilityGlobals) = postSolution
		SolutionGuid = {315026F2-909F-4A07-A665-CB563D49DB74}
	EndGlobalSection
EndGlobal
