
Microsoft Visual Studio Solution File, Format Version 12.00
# Visual Studio Version 17
VisualStudioVersion = 17.14.36408.4
MinimumVisualStudioVersion = 10.0.40219.1
Project("{FAE04EC0-301F-11D3-BF4B-00C04F79EFBC}") = "01-sort-even-numbers", "01-sort-even-numbers\01-sort-even-numbers.csproj", "{1E7908E1-3DBD-4D2C-8929-199F0C62DE5F}"
EndProject
Project("{FAE04EC0-301F-11D3-BF4B-00C04F79EFBC}") = "Playground", "Playground\Playground.csproj", "{287E476C-745C-4628-8E7E-8B0BCEF8CE21}"
EndProject
Project("{FAE04EC0-301F-11D3-BF4B-00C04F79EFBC}") = "02-sum-numbers", "02-sum-numbers\02-sum-numbers.csproj", "{933692A5-7779-4545-BAAD-99D354DACC9B}"
EndProject
Project("{FAE04EC0-301F-11D3-BF4B-00C04F79EFBC}") = "03-count-uppercase-words", "03-count-uppercase-words\03-count-uppercase-words.csproj", "{FA13C0CE-DAAE-4F9B-AD81-E745F1D4FA9F}"
EndProject
Project("{FAE04EC0-301F-11D3-BF4B-00C04F79EFBC}") = "04-add-vat", "04-add-vat\04-add-vat.csproj", "{9C1E1EDE-F447-4F15-B546-114338FD9261}"
EndProject
Project("{FAE04EC0-301F-11D3-BF4B-00C04F79EFBC}") = "05-filter-by-age", "05-filter-by-age\05-filter-by-age.csproj", "{8002BB47-357D-4AA3-8DED-6C6ADB0AE25C}"
EndProject
Global
	GlobalSection(SolutionConfigurationPlatforms) = preSolution
		Debug|Any CPU = Debug|Any CPU
		Release|Any CPU = Release|Any CPU
	EndGlobalSection
	GlobalSection(ProjectConfigurationPlatforms) = postSolution
		{1E7908E1-3DBD-4D2C-8929-199F0C62DE5F}.Debug|Any CPU.ActiveCfg = Debug|Any CPU
		{1E7908E1-3DBD-4D2C-8929-199F0C62DE5F}.Debug|Any CPU.Build.0 = Debug|Any CPU
		{1E7908E1-3DBD-4D2C-8929-199F0C62DE5F}.Release|Any CPU.ActiveCfg = Release|Any CPU
		{1E7908E1-3DBD-4D2C-8929-199F0C62DE5F}.Release|Any CPU.Build.0 = Release|Any CPU
		{287E476C-745C-4628-8E7E-8B0BCEF8CE21}.Debug|Any CPU.ActiveCfg = Debug|Any CPU
		{287E476C-745C-4628-8E7E-8B0BCEF8CE21}.Debug|Any CPU.Build.0 = Debug|Any CPU
		{287E476C-745C-4628-8E7E-8B0BCEF8CE21}.Release|Any CPU.ActiveCfg = Release|Any CPU
		{287E476C-745C-4628-8E7E-8B0BCEF8CE21}.Release|Any CPU.Build.0 = Release|Any CPU
		{933692A5-7779-4545-BAAD-99D354DACC9B}.Debug|Any CPU.ActiveCfg = Debug|Any CPU
		{933692A5-7779-4545-BAAD-99D354DACC9B}.Debug|Any CPU.Build.0 = Debug|Any CPU
		{933692A5-7779-4545-BAAD-99D354DACC9B}.Release|Any CPU.ActiveCfg = Release|Any CPU
		{933692A5-7779-4545-BAAD-99D354DACC9B}.Release|Any CPU.Build.0 = Release|Any CPU
		{FA13C0CE-DAAE-4F9B-AD81-E745F1D4FA9F}.Debug|Any CPU.ActiveCfg = Debug|Any CPU
		{FA13C0CE-DAAE-4F9B-AD81-E745F1D4FA9F}.Debug|Any CPU.Build.0 = Debug|Any CPU
		{FA13C0CE-DAAE-4F9B-AD81-E745F1D4FA9F}.Release|Any CPU.ActiveCfg = Release|Any CPU
		{FA13C0CE-DAAE-4F9B-AD81-E745F1D4FA9F}.Release|Any CPU.Build.0 = Release|Any CPU
		{9C1E1EDE-F447-4F15-B546-114338FD9261}.Debug|Any CPU.ActiveCfg = Debug|Any CPU
		{9C1E1EDE-F447-4F15-B546-114338FD9261}.Debug|Any CPU.Build.0 = Debug|Any CPU
		{9C1E1EDE-F447-4F15-B546-114338FD9261}.Release|Any CPU.ActiveCfg = Release|Any CPU
		{9C1E1EDE-F447-4F15-B546-114338FD9261}.Release|Any CPU.Build.0 = Release|Any CPU
		{8002BB47-357D-4AA3-8DED-6C6ADB0AE25C}.Debug|Any CPU.ActiveCfg = Debug|Any CPU
		{8002BB47-357D-4AA3-8DED-6C6ADB0AE25C}.Debug|Any CPU.Build.0 = Debug|Any CPU
		{8002BB47-357D-4AA3-8DED-6C6ADB0AE25C}.Release|Any CPU.ActiveCfg = Release|Any CPU
		{8002BB47-357D-4AA3-8DED-6C6ADB0AE25C}.Release|Any CPU.Build.0 = Release|Any CPU
	EndGlobalSection
	GlobalSection(SolutionProperties) = preSolution
		HideSolutionNode = FALSE
	EndGlobalSection
	GlobalSection(ExtensibilityGlobals) = postSolution
		SolutionGuid = {1720AA9C-B0FA-479E-AE46-6AF37E0A2491}
	EndGlobalSection
EndGlobal
