
Microsoft Visual Studio Solution File, Format Version 12.00
# Visual Studio Version 17
VisualStudioVersion = 17.14.36408.4 d17.14
MinimumVisualStudioVersion = 10.0.40219.1
Project("{FAE04EC0-301F-11D3-BF4B-00C04F79EFBC}") = "Playground", "Playground\Playground.csproj", "{3F6403AA-8F02-4F02-9F88-D9D4081DA260}"
EndProject
Project("{FAE04EC0-301F-11D3-BF4B-00C04F79EFBC}") = "01-sum-matrix-elements", "01-sum-matrix-elements\01-sum-matrix-elements.csproj", "{682A59FF-2477-45C0-A4AD-949DB29AC20C}"
EndProject
Project("{FAE04EC0-301F-11D3-BF4B-00C04F79EFBC}") = "02-sum-matrix-columns", "02-sum-matrix-columns\02-sum-matrix-columns.csproj", "{A10157B1-7150-4C75-AEE9-371CDB7EF0B3}"
EndProject
Global
	GlobalSection(SolutionConfigurationPlatforms) = preSolution
		Debug|Any CPU = Debug|Any CPU
		Release|Any CPU = Release|Any CPU
	EndGlobalSection
	GlobalSection(ProjectConfigurationPlatforms) = postSolution
		{3F6403AA-8F02-4F02-9F88-D9D4081DA260}.Debug|Any CPU.ActiveCfg = Debug|Any CPU
		{3F6403AA-8F02-4F02-9F88-D9D4081DA260}.Debug|Any CPU.Build.0 = Debug|Any CPU
		{3F6403AA-8F02-4F02-9F88-D9D4081DA260}.Release|Any CPU.ActiveCfg = Release|Any CPU
		{3F6403AA-8F02-4F02-9F88-D9D4081DA260}.Release|Any CPU.Build.0 = Release|Any CPU
		{682A59FF-2477-45C0-A4AD-949DB29AC20C}.Debug|Any CPU.ActiveCfg = Debug|Any CPU
		{682A59FF-2477-45C0-A4AD-949DB29AC20C}.Debug|Any CPU.Build.0 = Debug|Any CPU
		{682A59FF-2477-45C0-A4AD-949DB29AC20C}.Release|Any CPU.ActiveCfg = Release|Any CPU
		{682A59FF-2477-45C0-A4AD-949DB29AC20C}.Release|Any CPU.Build.0 = Release|Any CPU
		{A10157B1-7150-4C75-AEE9-371CDB7EF0B3}.Debug|Any CPU.ActiveCfg = Debug|Any CPU
		{A10157B1-7150-4C75-AEE9-371CDB7EF0B3}.Debug|Any CPU.Build.0 = Debug|Any CPU
		{A10157B1-7150-4C75-AEE9-371CDB7EF0B3}.Release|Any CPU.ActiveCfg = Release|Any CPU
		{A10157B1-7150-4C75-AEE9-371CDB7EF0B3}.Release|Any CPU.Build.0 = Release|Any CPU
	EndGlobalSection
	GlobalSection(SolutionProperties) = preSolution
		HideSolutionNode = FALSE
	EndGlobalSection
	GlobalSection(ExtensibilityGlobals) = postSolution
		SolutionGuid = {A42ED57D-54E9-477D-AEE3-D2D66DF95D52}
	EndGlobalSection
EndGlobal
