
Microsoft Visual Studio Solution File, Format Version 12.00
# Visual Studio Version 17
VisualStudioVersion = 17.14.36408.4 d17.14
MinimumVisualStudioVersion = 10.0.40219.1
Project("{FAE04EC0-301F-11D3-BF4B-00C04F79EFBC}") = "01-diagonal-difference", "01-diagonal-difference\01-diagonal-difference.csproj", "{D28557B9-D168-4C1B-94BE-9D3037F79A09}"
EndProject
Project("{FAE04EC0-301F-11D3-BF4B-00C04F79EFBC}") = "02-squares-in-matrix", "02-squares-in-matrix\02-squares-in-matrix.csproj", "{D86C31C3-EF21-40FB-A58C-144DFE35C0D7}"
EndProject
Global
	GlobalSection(SolutionConfigurationPlatforms) = preSolution
		Debug|Any CPU = Debug|Any CPU
		Release|Any CPU = Release|Any CPU
	EndGlobalSection
	GlobalSection(ProjectConfigurationPlatforms) = postSolution
		{D28557B9-D168-4C1B-94BE-9D3037F79A09}.Debug|Any CPU.ActiveCfg = Debug|Any CPU
		{D28557B9-D168-4C1B-94BE-9D3037F79A09}.Debug|Any CPU.Build.0 = Debug|Any CPU
		{D28557B9-D168-4C1B-94BE-9D3037F79A09}.Release|Any CPU.ActiveCfg = Release|Any CPU
		{D28557B9-D168-4C1B-94BE-9D3037F79A09}.Release|Any CPU.Build.0 = Release|Any CPU
		{D86C31C3-EF21-40FB-A58C-144DFE35C0D7}.Debug|Any CPU.ActiveCfg = Debug|Any CPU
		{D86C31C3-EF21-40FB-A58C-144DFE35C0D7}.Debug|Any CPU.Build.0 = Debug|Any CPU
		{D86C31C3-EF21-40FB-A58C-144DFE35C0D7}.Release|Any CPU.ActiveCfg = Release|Any CPU
		{D86C31C3-EF21-40FB-A58C-144DFE35C0D7}.Release|Any CPU.Build.0 = Release|Any CPU
	EndGlobalSection
	GlobalSection(SolutionProperties) = preSolution
		HideSolutionNode = FALSE
	EndGlobalSection
	GlobalSection(ExtensibilityGlobals) = postSolution
		SolutionGuid = {169394C1-1837-44EF-8D88-47D17E0A484F}
	EndGlobalSection
EndGlobal
